
Microsoft Visual Studio Solution File, Format Version 12.00
# Visual Studio 15
VisualStudioVersion = 15.0.26124.0
MinimumVisualStudioVersion = 15.0.26124.0
Project("{2150E333-8FDC-42A3-9474-1A3956D46DE8}") = "src", "src", "{8B3A384D-D0E7-46F6-82E2-57AC0E01A20F}"
EndProject
Project("{FAE04EC0-301F-11D3-BF4B-00C04F79EFBC}") = "GildedRose.Console", "src\GildedRose.Console\GildedRose.Console.csproj", "{1C90418A-6D0F-4AD9-8D09-BF75564DF61E}"
EndProject
Project("{FAE04EC0-301F-11D3-BF4B-00C04F79EFBC}") = "GildedRose.Tests", "src\GildedRose.Tests\GildedRose.Tests.csproj", "{DA717D29-4E5A-49AE-A58B-38BD7E7EEABD}"
EndProject
Global
	GlobalSection(SolutionConfigurationPlatforms) = preSolution
		Debug|Any CPU = Debug|Any CPU
		Debug|x64 = Debug|x64
		Debug|x86 = Debug|x86
		Release|Any CPU = Release|Any CPU
		Release|x64 = Release|x64
		Release|x86 = Release|x86
	EndGlobalSection
	GlobalSection(SolutionProperties) = preSolution
		HideSolutionNode = FALSE
	EndGlobalSection
	GlobalSection(ProjectConfigurationPlatforms) = postSolution
		{1C90418A-6D0F-4AD9-8D09-BF75564DF61E}.Debug|Any CPU.ActiveCfg = Debug|Any CPU
		{1C90418A-6D0F-4AD9-8D09-BF75564DF61E}.Debug|Any CPU.Build.0 = Debug|Any CPU
		{1C90418A-6D0F-4AD9-8D09-BF75564DF61E}.Debug|x64.ActiveCfg = Debug|Any CPU
		{1C90418A-6D0F-4AD9-8D09-BF75564DF61E}.Debug|x64.Build.0 = Debug|Any CPU
		{1C90418A-6D0F-4AD9-8D09-BF75564DF61E}.Debug|x86.ActiveCfg = Debug|Any CPU
		{1C90418A-6D0F-4AD9-8D09-BF75564DF61E}.Debug|x86.Build.0 = Debug|Any CPU
		{1C90418A-6D0F-4AD9-8D09-BF75564DF61E}.Release|Any CPU.ActiveCfg = Release|Any CPU
		{1C90418A-6D0F-4AD9-8D09-BF75564DF61E}.Release|Any CPU.Build.0 = Release|Any CPU
		{1C90418A-6D0F-4AD9-8D09-BF75564DF61E}.Release|x64.ActiveCfg = Release|Any CPU
		{1C90418A-6D0F-4AD9-8D09-BF75564DF61E}.Release|x64.Build.0 = Release|Any CPU
		{1C90418A-6D0F-4AD9-8D09-BF75564DF61E}.Release|x86.ActiveCfg = Release|Any CPU
		{1C90418A-6D0F-4AD9-8D09-BF75564DF61E}.Release|x86.Build.0 = Release|Any CPU
		{DA717D29-4E5A-49AE-A58B-38BD7E7EEABD}.Debug|Any CPU.ActiveCfg = Debug|Any CPU
		{DA717D29-4E5A-49AE-A58B-38BD7E7EEABD}.Debug|Any CPU.Build.0 = Debug|Any CPU
		{DA717D29-4E5A-49AE-A58B-38BD7E7EEABD}.Debug|x64.ActiveCfg = Debug|Any CPU
		{DA717D29-4E5A-49AE-A58B-38BD7E7EEABD}.Debug|x64.Build.0 = Debug|Any CPU
		{DA717D29-4E5A-49AE-A58B-38BD7E7EEABD}.Debug|x86.ActiveCfg = Debug|Any CPU
		{DA717D29-4E5A-49AE-A58B-38BD7E7EEABD}.Debug|x86.Build.0 = Debug|Any CPU
		{DA717D29-4E5A-49AE-A58B-38BD7E7EEABD}.Release|Any CPU.ActiveCfg = Release|Any CPU
		{DA717D29-4E5A-49AE-A58B-38BD7E7EEABD}.Release|Any CPU.Build.0 = Release|Any CPU
		{DA717D29-4E5A-49AE-A58B-38BD7E7EEABD}.Release|x64.ActiveCfg = Release|Any CPU
		{DA717D29-4E5A-49AE-A58B-38BD7E7EEABD}.Release|x64.Build.0 = Release|Any CPU
		{DA717D29-4E5A-49AE-A58B-38BD7E7EEABD}.Release|x86.ActiveCfg = Release|Any CPU
		{DA717D29-4E5A-49AE-A58B-38BD7E7EEABD}.Release|x86.Build.0 = Release|Any CPU
	EndGlobalSection
	GlobalSection(NestedProjects) = preSolution
		{1C90418A-6D0F-4AD9-8D09-BF75564DF61E} = {8B3A384D-D0E7-46F6-82E2-57AC0E01A20F}
		{DA717D29-4E5A-49AE-A58B-38BD7E7EEABD} = {8B3A384D-D0E7-46F6-82E2-57AC0E01A20F}
	EndGlobalSection
EndGlobal
